
Microsoft Visual Studio Solution File, Format Version 12.00
# Visual Studio Version 17
VisualStudioVersion = 17.5.002.0
MinimumVisualStudioVersion = 10.0.40219.1
Project("{9A19103F-16F7-4668-BE54-9A1E7A4F7556}") = "Alter-am-x-y-tag", "Alter-am-x-y-tag.csproj", "{1AE5E90C-3374-4EEA-8E9C-64B7C644F7B9}"
EndProject
Global
	GlobalSection(SolutionConfigurationPlatforms) = preSolution
		Debug|Any CPU = Debug|Any CPU
		Release|Any CPU = Release|Any CPU
	EndGlobalSection
	GlobalSection(ProjectConfigurationPlatforms) = postSolution
		{1AE5E90C-3374-4EEA-8E9C-64B7C644F7B9}.Debug|Any CPU.ActiveCfg = Debug|Any CPU
		{1AE5E90C-3374-4EEA-8E9C-64B7C644F7B9}.Debug|Any CPU.Build.0 = Debug|Any CPU
		{1AE5E90C-3374-4EEA-8E9C-64B7C644F7B9}.Release|Any CPU.ActiveCfg = Release|Any CPU
		{1AE5E90C-3374-4EEA-8E9C-64B7C644F7B9}.Release|Any CPU.Build.0 = Release|Any CPU
	EndGlobalSection
	GlobalSection(SolutionProperties) = preSolution
		HideSolutionNode = FALSE
	EndGlobalSection
	GlobalSection(ExtensibilityGlobals) = postSolution
		SolutionGuid = {8241EE5C-1156-4FEA-A53A-B2FC73516FC9}
	EndGlobalSection
EndGlobal
